
Microsoft Visual Studio Solution File, Format Version 12.00
# Visual Studio Version 16
VisualStudioVersion = 16.0.30104.148
MinimumVisualStudioVersion = 10.0.40219.1
Project("{9A19103F-16F7-4668-BE54-9A1E7A4F7556}") = "ShopListing.API", "ShopListing.API\ShopListing.API.csproj", "{52A70B08-7985-4938-97A1-9D542A4AFCC7}"
EndProject
Global
	GlobalSection(SolutionConfigurationPlatforms) = preSolution
		Debug|Any CPU = Debug|Any CPU
		Release|Any CPU = Release|Any CPU
	EndGlobalSection
	GlobalSection(ProjectConfigurationPlatforms) = postSolution
		{52A70B08-7985-4938-97A1-9D542A4AFCC7}.Debug|Any CPU.ActiveCfg = Debug|Any CPU
		{52A70B08-7985-4938-97A1-9D542A4AFCC7}.Debug|Any CPU.Build.0 = Debug|Any CPU
		{52A70B08-7985-4938-97A1-9D542A4AFCC7}.Release|Any CPU.ActiveCfg = Release|Any CPU
		{52A70B08-7985-4938-97A1-9D542A4AFCC7}.Release|Any CPU.Build.0 = Release|Any CPU
	EndGlobalSection
	GlobalSection(SolutionProperties) = preSolution
		HideSolutionNode = FALSE
	EndGlobalSection
	GlobalSection(ExtensibilityGlobals) = postSolution
		SolutionGuid = {8BFE071A-8B5F-4D00-BCC8-F5EFB5B9AAD3}
	EndGlobalSection
EndGlobal
